// !$*UTF8*$!
{
	archiveVersion = 1;
	classes = {
	};
	objectVersion = 56;
	objects = {

/* Begin PBXBuildFile section */
		77050C752C284ED300FAA9A2 /* CustomWidghetContactsUIView.swift in Sources */ = {isa = PBXBuildFile; fileRef = 77050C742C284ED300FAA9A2 /* CustomWidghetContactsUIView.swift */; };
		77050C762C284FAE00FAA9A2 /* CustomWidghetContactsUIView.swift in Sources */ = {isa = PBXBuildFile; fileRef = 77050C742C284ED300FAA9A2 /* CustomWidghetContactsUIView.swift */; };
		772AAE7A2C24597100B9943D /* ContactsScreenView.swift in Sources */ = {isa = PBXBuildFile; fileRef = 772AAE792C24597100B9943D /* ContactsScreenView.swift */; };
		772AAE7C2C24875D00B9943D /* SearchBar.swift in Sources */ = {isa = PBXBuildFile; fileRef = 772AAE7B2C24875D00B9943D /* SearchBar.swift */; };
		77324E7F2C11A97100452467 /* LogoView.swift in Sources */ = {isa = PBXBuildFile; fileRef = 77324E7E2C11A97100452467 /* LogoView.swift */; };
		77324E812C11A98100452467 /* TitleView.swift in Sources */ = {isa = PBXBuildFile; fileRef = 77324E802C11A98100452467 /* TitleView.swift */; };
		77324E832C11A99200452467 /* TermsOfServiceView.swift in Sources */ = {isa = PBXBuildFile; fileRef = 77324E822C11A99200452467 /* TermsOfServiceView.swift */; };
		77324E852C11A9A000452467 /* ActionButtonView.swift in Sources */ = {isa = PBXBuildFile; fileRef = 77324E842C11A9A000452467 /* ActionButtonView.swift */; };
		77324E892C11CCFC00452467 /* TelephoneView.swift in Sources */ = {isa = PBXBuildFile; fileRef = 77324E882C11CCFC00452467 /* TelephoneView.swift */; };
		775059A12C4E57B10078424D /* OneTimeCodeTextField.swift in Sources */ = {isa = PBXBuildFile; fileRef = 775059A02C4E57B10078424D /* OneTimeCodeTextField.swift */; };
		775059A32C4ECB850078424D /* AuthorizationViewModel.swift in Sources */ = {isa = PBXBuildFile; fileRef = 775059A22C4ECB850078424D /* AuthorizationViewModel.swift */; };
		775E5C722C39AA82004D1F8E /* Constants.swift in Sources */ = {isa = PBXBuildFile; fileRef = 775E5C712C39AA82004D1F8E /* Constants.swift */; };
		775E5C742C39AA9C004D1F8E /* DateFormatterUtils.swift in Sources */ = {isa = PBXBuildFile; fileRef = 775E5C732C39AA9C004D1F8E /* DateFormatterUtils.swift */; };
		7761143D2C3736E10026D5CA /* InterpolationUIView.swift in Sources */ = {isa = PBXBuildFile; fileRef = 7761143C2C3736E10026D5CA /* InterpolationUIView.swift */; };
		7761143F2C3737060026D5CA /* StringInterpolation.swift in Sources */ = {isa = PBXBuildFile; fileRef = 7761143E2C3737060026D5CA /* StringInterpolation.swift */; };
		776114412C373A520026D5CA /* DataPickerViewModel.swift in Sources */ = {isa = PBXBuildFile; fileRef = 776114402C373A520026D5CA /* DataPickerViewModel.swift */; };
		777E14292C4A6E9A005989CD /* CountryPicker.swift in Sources */ = {isa = PBXBuildFile; fileRef = 777E14282C4A6E9A005989CD /* CountryPicker.swift */; };
		777E142B2C4C214D005989CD /* AuthorizationView.swift in Sources */ = {isa = PBXBuildFile; fileRef = 777E142A2C4C214D005989CD /* AuthorizationView.swift */; };
		777E14302C4C2421005989CD /* NotificationsCenter.swift in Sources */ = {isa = PBXBuildFile; fileRef = 777E142F2C4C2421005989CD /* NotificationsCenter.swift */; };
		778F35A02C3F21A60050367D /* ScrollUIView.swift in Sources */ = {isa = PBXBuildFile; fileRef = 778F359F2C3F21A60050367D /* ScrollUIView.swift */; };
		77AEF7142C1C323900DE604E /* CustomTabView.swift in Sources */ = {isa = PBXBuildFile; fileRef = 77AEF7132C1C323900DE604E /* CustomTabView.swift */; };
		77AEF7172C1C81F900DE604E /* ContactsViewDetail.swift in Sources */ = {isa = PBXBuildFile; fileRef = 77AEF7162C1C81F900DE604E /* ContactsViewDetail.swift */; };
		77BBA2E62C2823BD00B57901 /* WidgetKit.framework in Frameworks */ = {isa = PBXBuildFile; fileRef = 77BBA2E52C2823BD00B57901 /* WidgetKit.framework */; };
		77BBA2E82C2823BD00B57901 /* SwiftUI.framework in Frameworks */ = {isa = PBXBuildFile; fileRef = 77BBA2E72C2823BD00B57901 /* SwiftUI.framework */; };
		77BBA2EB2C2823BD00B57901 /* ContactsWidgetBundle.swift in Sources */ = {isa = PBXBuildFile; fileRef = 77BBA2EA2C2823BD00B57901 /* ContactsWidgetBundle.swift */; };
		77BBA2ED2C2823BD00B57901 /* ContactsWidget.swift in Sources */ = {isa = PBXBuildFile; fileRef = 77BBA2EC2C2823BD00B57901 /* ContactsWidget.swift */; };
		77BBA2EF2C2823BF00B57901 /* Assets.xcassets in Resources */ = {isa = PBXBuildFile; fileRef = 77BBA2EE2C2823BF00B57901 /* Assets.xcassets */; };
		77BBA2F32C2823BF00B57901 /* ContactsWidgetExtension.appex in Embed Foundation Extensions */ = {isa = PBXBuildFile; fileRef = 77BBA2E32C2823BD00B57901 /* ContactsWidgetExtension.appex */; settings = {ATTRIBUTES = (RemoveHeadersOnCopy, ); }; };
		77BBA2FB2C28253B00B57901 /* Provider.swift in Sources */ = {isa = PBXBuildFile; fileRef = 77BBA2FA2C28253B00B57901 /* Provider.swift */; };
		77BBA2FD2C28268B00B57901 /* ContactsWidgetUIView.swift in Sources */ = {isa = PBXBuildFile; fileRef = 77BBA2FC2C28268B00B57901 /* ContactsWidgetUIView.swift */; };
		77BBA2FE2C282C2E00B57901 /* ContactsScreenView.swift in Sources */ = {isa = PBXBuildFile; fileRef = 772AAE792C24597100B9943D /* ContactsScreenView.swift */; };
		77BBA2FF2C282C3200B57901 /* ContactsModel.swift in Sources */ = {isa = PBXBuildFile; fileRef = 77C7073A2C1A3AC0000E4C56 /* ContactsModel.swift */; };
		77BBA3002C282C3700B57901 /* ContactsData.swift in Sources */ = {isa = PBXBuildFile; fileRef = 77C7073D2C1A3B50000E4C56 /* ContactsData.swift */; };
		77BBA3012C28337C00B57901 /* Assets.xcassets in Resources */ = {isa = PBXBuildFile; fileRef = 77C9D63A2C1048A300F5CB81 /* Assets.xcassets */; };
		77C707302C1A36B0000E4C56 /* ContactsView.swift in Sources */ = {isa = PBXBuildFile; fileRef = 77C7072F2C1A36B0000E4C56 /* ContactsView.swift */; };
		77C707322C1A36BE000E4C56 /* TabBarView.swift in Sources */ = {isa = PBXBuildFile; fileRef = 77C707312C1A36BE000E4C56 /* TabBarView.swift */; };
		77C707362C1A3854000E4C56 /* ChatsView.swift in Sources */ = {isa = PBXBuildFile; fileRef = 77C707352C1A3854000E4C56 /* ChatsView.swift */; };
		77C707382C1A385E000E4C56 /* SettingsView.swift in Sources */ = {isa = PBXBuildFile; fileRef = 77C707372C1A385E000E4C56 /* SettingsView.swift */; };
		77C7073B2C1A3AC0000E4C56 /* ContactsModel.swift in Sources */ = {isa = PBXBuildFile; fileRef = 77C7073A2C1A3AC0000E4C56 /* ContactsModel.swift */; };
		77C7073E2C1A3B50000E4C56 /* ContactsData.swift in Sources */ = {isa = PBXBuildFile; fileRef = 77C7073D2C1A3B50000E4C56 /* ContactsData.swift */; };
		77C9D6372C1048A200F5CB81 /* WBSuiAppApp.swift in Sources */ = {isa = PBXBuildFile; fileRef = 77C9D6362C1048A200F5CB81 /* WBSuiAppApp.swift */; };
		77C9D6392C1048A200F5CB81 /* OnboardingView.swift in Sources */ = {isa = PBXBuildFile; fileRef = 77C9D6382C1048A200F5CB81 /* OnboardingView.swift */; };
		77C9D63B2C1048A300F5CB81 /* Assets.xcassets in Resources */ = {isa = PBXBuildFile; fileRef = 77C9D63A2C1048A300F5CB81 /* Assets.xcassets */; };
		77C9D63E2C1048A300F5CB81 /* Preview Assets.xcassets in Resources */ = {isa = PBXBuildFile; fileRef = 77C9D63D2C1048A300F5CB81 /* Preview Assets.xcassets */; };
		77F96BAD2C4658BA0044B255 /* TelephoneTestingData.swift in Sources */ = {isa = PBXBuildFile; fileRef = 77F96BAC2C4658BA0044B255 /* TelephoneTestingData.swift */; };
/* End PBXBuildFile section */

/* Begin PBXContainerItemProxy section */
		77BBA2F12C2823BF00B57901 /* PBXContainerItemProxy */ = {
			isa = PBXContainerItemProxy;
			containerPortal = 77C9D62B2C1048A200F5CB81 /* Project object */;
			proxyType = 1;
			remoteGlobalIDString = 77BBA2E22C2823BD00B57901;
			remoteInfo = ContactsWidgetExtension;
		};
/* End PBXContainerItemProxy section */

/* Begin PBXCopyFilesBuildPhase section */
		77BBA2F42C2823BF00B57901 /* Embed Foundation Extensions */ = {
			isa = PBXCopyFilesBuildPhase;
			buildActionMask = 2147483647;
			dstPath = "";
			dstSubfolderSpec = 13;
			files = (
				77BBA2F32C2823BF00B57901 /* ContactsWidgetExtension.appex in Embed Foundation Extensions */,
			);
			name = "Embed Foundation Extensions";
			runOnlyForDeploymentPostprocessing = 0;
		};
/* End PBXCopyFilesBuildPhase section */

/* Begin PBXFileReference section */
		77050C742C284ED300FAA9A2 /* CustomWidghetContactsUIView.swift */ = {isa = PBXFileReference; lastKnownFileType = sourcecode.swift; path = CustomWidghetContactsUIView.swift; sourceTree = "<group>"; };
		772AAE792C24597100B9943D /* ContactsScreenView.swift */ = {isa = PBXFileReference; lastKnownFileType = sourcecode.swift; path = ContactsScreenView.swift; sourceTree = "<group>"; };
		772AAE7B2C24875D00B9943D /* SearchBar.swift */ = {isa = PBXFileReference; lastKnownFileType = sourcecode.swift; path = SearchBar.swift; sourceTree = "<group>"; };
		77324E7E2C11A97100452467 /* LogoView.swift */ = {isa = PBXFileReference; lastKnownFileType = sourcecode.swift; path = LogoView.swift; sourceTree = "<group>"; };
		77324E802C11A98100452467 /* TitleView.swift */ = {isa = PBXFileReference; lastKnownFileType = sourcecode.swift; path = TitleView.swift; sourceTree = "<group>"; };
		77324E822C11A99200452467 /* TermsOfServiceView.swift */ = {isa = PBXFileReference; lastKnownFileType = sourcecode.swift; path = TermsOfServiceView.swift; sourceTree = "<group>"; };
		77324E842C11A9A000452467 /* ActionButtonView.swift */ = {isa = PBXFileReference; lastKnownFileType = sourcecode.swift; path = ActionButtonView.swift; sourceTree = "<group>"; };
		77324E882C11CCFC00452467 /* TelephoneView.swift */ = {isa = PBXFileReference; lastKnownFileType = sourcecode.swift; path = TelephoneView.swift; sourceTree = "<group>"; };
		775059A02C4E57B10078424D /* OneTimeCodeTextField.swift */ = {isa = PBXFileReference; lastKnownFileType = sourcecode.swift; path = OneTimeCodeTextField.swift; sourceTree = "<group>"; };
		775059A22C4ECB850078424D /* AuthorizationViewModel.swift */ = {isa = PBXFileReference; lastKnownFileType = sourcecode.swift; path = AuthorizationViewModel.swift; sourceTree = "<group>"; };
		775E5C712C39AA82004D1F8E /* Constants.swift */ = {isa = PBXFileReference; lastKnownFileType = sourcecode.swift; path = Constants.swift; sourceTree = "<group>"; };
		775E5C732C39AA9C004D1F8E /* DateFormatterUtils.swift */ = {isa = PBXFileReference; lastKnownFileType = sourcecode.swift; path = DateFormatterUtils.swift; sourceTree = "<group>"; };
		7761143C2C3736E10026D5CA /* InterpolationUIView.swift */ = {isa = PBXFileReference; lastKnownFileType = sourcecode.swift; path = InterpolationUIView.swift; sourceTree = "<group>"; };
		7761143E2C3737060026D5CA /* StringInterpolation.swift */ = {isa = PBXFileReference; lastKnownFileType = sourcecode.swift; path = StringInterpolation.swift; sourceTree = "<group>"; };
		776114402C373A520026D5CA /* DataPickerViewModel.swift */ = {isa = PBXFileReference; lastKnownFileType = sourcecode.swift; path = DataPickerViewModel.swift; sourceTree = "<group>"; };
		777B33E12C50EC3A005E52D9 /* Hash.playground */ = {isa = PBXFileReference; lastKnownFileType = file.playground; path = Hash.playground; sourceTree = "<group>"; xcLanguageSpecificationIdentifier = xcode.lang.swift; };
		777B33E22C50EC5B005E52D9 /* Set.playground */ = {isa = PBXFileReference; lastKnownFileType = file.playground; path = Set.playground; sourceTree = "<group>"; xcLanguageSpecificationIdentifier = xcode.lang.swift; };
		777B33E32C50EC74005E52D9 /* Dictionary.playground */ = {isa = PBXFileReference; lastKnownFileType = file.playground; path = Dictionary.playground; sourceTree = "<group>"; xcLanguageSpecificationIdentifier = xcode.lang.swift; };
		777D9DA62C30226000996837 /* Bank.playground */ = {isa = PBXFileReference; lastKnownFileType = file.playground; path = Bank.playground; sourceTree = "<group>"; xcLanguageSpecificationIdentifier = xcode.lang.swift; };
		777E14282C4A6E9A005989CD /* CountryPicker.swift */ = {isa = PBXFileReference; lastKnownFileType = sourcecode.swift; path = CountryPicker.swift; sourceTree = "<group>"; };
		777E142A2C4C214D005989CD /* AuthorizationView.swift */ = {isa = PBXFileReference; lastKnownFileType = sourcecode.swift; path = AuthorizationView.swift; sourceTree = "<group>"; };
		777E142F2C4C2421005989CD /* NotificationsCenter.swift */ = {isa = PBXFileReference; lastKnownFileType = sourcecode.swift; path = NotificationsCenter.swift; sourceTree = "<group>"; };
		778F359F2C3F21A60050367D /* ScrollUIView.swift */ = {isa = PBXFileReference; lastKnownFileType = sourcecode.swift; path = ScrollUIView.swift; sourceTree = "<group>"; };
		77905B8E2C32B6F600865D16 /* Factory.playground */ = {isa = PBXFileReference; lastKnownFileType = file.playground; path = Factory.playground; sourceTree = "<group>"; xcLanguageSpecificationIdentifier = xcode.lang.swift; };
		77AEF7132C1C323900DE604E /* CustomTabView.swift */ = {isa = PBXFileReference; lastKnownFileType = sourcecode.swift; path = CustomTabView.swift; sourceTree = "<group>"; };
		77AEF7162C1C81F900DE604E /* ContactsViewDetail.swift */ = {isa = PBXFileReference; lastKnownFileType = sourcecode.swift; path = ContactsViewDetail.swift; sourceTree = "<group>"; };
		77BBA2E32C2823BD00B57901 /* ContactsWidgetExtension.appex */ = {isa = PBXFileReference; explicitFileType = "wrapper.app-extension"; includeInIndex = 0; path = ContactsWidgetExtension.appex; sourceTree = BUILT_PRODUCTS_DIR; };
		77BBA2E52C2823BD00B57901 /* WidgetKit.framework */ = {isa = PBXFileReference; lastKnownFileType = wrapper.framework; name = WidgetKit.framework; path = System/Library/Frameworks/WidgetKit.framework; sourceTree = SDKROOT; };
		77BBA2E72C2823BD00B57901 /* SwiftUI.framework */ = {isa = PBXFileReference; lastKnownFileType = wrapper.framework; name = SwiftUI.framework; path = System/Library/Frameworks/SwiftUI.framework; sourceTree = SDKROOT; };
		77BBA2EA2C2823BD00B57901 /* ContactsWidgetBundle.swift */ = {isa = PBXFileReference; lastKnownFileType = sourcecode.swift; path = ContactsWidgetBundle.swift; sourceTree = "<group>"; };
		77BBA2EC2C2823BD00B57901 /* ContactsWidget.swift */ = {isa = PBXFileReference; lastKnownFileType = sourcecode.swift; path = ContactsWidget.swift; sourceTree = "<group>"; };
		77BBA2EE2C2823BF00B57901 /* Assets.xcassets */ = {isa = PBXFileReference; lastKnownFileType = folder.assetcatalog; path = Assets.xcassets; sourceTree = "<group>"; };
		77BBA2F02C2823BF00B57901 /* Info.plist */ = {isa = PBXFileReference; lastKnownFileType = text.plist.xml; path = Info.plist; sourceTree = "<group>"; };
		77BBA2FA2C28253B00B57901 /* Provider.swift */ = {isa = PBXFileReference; lastKnownFileType = sourcecode.swift; path = Provider.swift; sourceTree = "<group>"; };
		77BBA2FC2C28268B00B57901 /* ContactsWidgetUIView.swift */ = {isa = PBXFileReference; lastKnownFileType = sourcecode.swift; path = ContactsWidgetUIView.swift; sourceTree = "<group>"; };
		77C7072F2C1A36B0000E4C56 /* ContactsView.swift */ = {isa = PBXFileReference; lastKnownFileType = sourcecode.swift; path = ContactsView.swift; sourceTree = "<group>"; };
		77C707312C1A36BE000E4C56 /* TabBarView.swift */ = {isa = PBXFileReference; lastKnownFileType = sourcecode.swift; path = TabBarView.swift; sourceTree = "<group>"; };
		77C707352C1A3854000E4C56 /* ChatsView.swift */ = {isa = PBXFileReference; lastKnownFileType = sourcecode.swift; path = ChatsView.swift; sourceTree = "<group>"; };
		77C707372C1A385E000E4C56 /* SettingsView.swift */ = {isa = PBXFileReference; lastKnownFileType = sourcecode.swift; path = SettingsView.swift; sourceTree = "<group>"; };
		77C7073A2C1A3AC0000E4C56 /* ContactsModel.swift */ = {isa = PBXFileReference; lastKnownFileType = sourcecode.swift; path = ContactsModel.swift; sourceTree = "<group>"; };
		77C7073D2C1A3B50000E4C56 /* ContactsData.swift */ = {isa = PBXFileReference; lastKnownFileType = sourcecode.swift; path = ContactsData.swift; sourceTree = "<group>"; };
		77C9D6332C1048A200F5CB81 /* WBSuiApp.app */ = {isa = PBXFileReference; explicitFileType = wrapper.application; includeInIndex = 0; path = WBSuiApp.app; sourceTree = BUILT_PRODUCTS_DIR; };
		77C9D6362C1048A200F5CB81 /* WBSuiAppApp.swift */ = {isa = PBXFileReference; lastKnownFileType = sourcecode.swift; path = WBSuiAppApp.swift; sourceTree = "<group>"; };
		77C9D6382C1048A200F5CB81 /* OnboardingView.swift */ = {isa = PBXFileReference; lastKnownFileType = sourcecode.swift; path = OnboardingView.swift; sourceTree = "<group>"; };
		77C9D63A2C1048A300F5CB81 /* Assets.xcassets */ = {isa = PBXFileReference; lastKnownFileType = folder.assetcatalog; path = Assets.xcassets; sourceTree = "<group>"; };
		77C9D63D2C1048A300F5CB81 /* Preview Assets.xcassets */ = {isa = PBXFileReference; lastKnownFileType = folder.assetcatalog; path = "Preview Assets.xcassets"; sourceTree = "<group>"; };
		77F96BAC2C4658BA0044B255 /* TelephoneTestingData.swift */ = {isa = PBXFileReference; lastKnownFileType = sourcecode.swift; path = TelephoneTestingData.swift; sourceTree = "<group>"; };
/* End PBXFileReference section */

/* Begin PBXFrameworksBuildPhase section */
		77BBA2E02C2823BD00B57901 /* Frameworks */ = {
			isa = PBXFrameworksBuildPhase;
			buildActionMask = 2147483647;
			files = (
				77BBA2E82C2823BD00B57901 /* SwiftUI.framework in Frameworks */,
				77BBA2E62C2823BD00B57901 /* WidgetKit.framework in Frameworks */,
			);
			runOnlyForDeploymentPostprocessing = 0;
		};
		77C9D6302C1048A200F5CB81 /* Frameworks */ = {
			isa = PBXFrameworksBuildPhase;
			buildActionMask = 2147483647;
			files = (
			);
			runOnlyForDeploymentPostprocessing = 0;
		};
/* End PBXFrameworksBuildPhase section */

/* Begin PBXGroup section */
		77324E862C11AA6300452467 /* OnBoardingScreen */ = {
			isa = PBXGroup;
			children = (
				77C9D6382C1048A200F5CB81 /* OnboardingView.swift */,
				77324E7E2C11A97100452467 /* LogoView.swift */,
				77324E802C11A98100452467 /* TitleView.swift */,
				77324E822C11A99200452467 /* TermsOfServiceView.swift */,
				77324E842C11A9A000452467 /* ActionButtonView.swift */,
			);
			path = OnBoardingScreen;
			sourceTree = "<group>";
		};
		7761143B2C3736BB0026D5CA /* Interpolation */ = {
			isa = PBXGroup;
			children = (
				7761143C2C3736E10026D5CA /* InterpolationUIView.swift */,
				7761143E2C3737060026D5CA /* StringInterpolation.swift */,
				776114402C373A520026D5CA /* DataPickerViewModel.swift */,
				775E5C712C39AA82004D1F8E /* Constants.swift */,
				775E5C732C39AA9C004D1F8E /* DateFormatterUtils.swift */,
			);
			path = Interpolation;
			sourceTree = "<group>";
		};
		777B33DA2C50EA54005E52D9 /* HashTable */ = {
			isa = PBXGroup;
			children = (
				777B33E12C50EC3A005E52D9 /* Hash.playground */,
				777B33E22C50EC5B005E52D9 /* Set.playground */,
				777B33E32C50EC74005E52D9 /* Dictionary.playground */,
			);
			path = HashTable;
			sourceTree = "<group>";
		};
		777E142C2C4C2151005989CD /* Authorization */ = {
			isa = PBXGroup;
			children = (
				777E142A2C4C214D005989CD /* AuthorizationView.swift */,
				777E142F2C4C2421005989CD /* NotificationsCenter.swift */,
				775059A02C4E57B10078424D /* OneTimeCodeTextField.swift */,
				775059A22C4ECB850078424D /* AuthorizationViewModel.swift */,
			);
			path = Authorization;
			sourceTree = "<group>";
		};
		778F359E2C3F21920050367D /* ScrollView */ = {
			isa = PBXGroup;
			children = (
				778F359F2C3F21A60050367D /* ScrollUIView.swift */,
			);
			path = ScrollView;
			sourceTree = "<group>";
		};
		77905B8D2C32B6E400865D16 /* Factory */ = {
			isa = PBXGroup;
			children = (
				77905B8E2C32B6F600865D16 /* Factory.playground */,
			);
			path = Factory;
			sourceTree = "<group>";
		};
		77AEF7152C1C81CD00DE604E /* ContactsView */ = {
			isa = PBXGroup;
			children = (
				77C7072F2C1A36B0000E4C56 /* ContactsView.swift */,
				77AEF7162C1C81F900DE604E /* ContactsViewDetail.swift */,
				772AAE792C24597100B9943D /* ContactsScreenView.swift */,
			);
			path = ContactsView;
			sourceTree = "<group>";
		};
		77BBA2E42C2823BD00B57901 /* Frameworks */ = {
			isa = PBXGroup;
			children = (
				77BBA2E52C2823BD00B57901 /* WidgetKit.framework */,
				77BBA2E72C2823BD00B57901 /* SwiftUI.framework */,
			);
			name = Frameworks;
			sourceTree = "<group>";
		};
		77BBA2E92C2823BD00B57901 /* ContactsWidget */ = {
			isa = PBXGroup;
			children = (
				77BBA2EA2C2823BD00B57901 /* ContactsWidgetBundle.swift */,
				77BBA2EC2C2823BD00B57901 /* ContactsWidget.swift */,
				77BBA2EE2C2823BF00B57901 /* Assets.xcassets */,
				77BBA2F02C2823BF00B57901 /* Info.plist */,
				77BBA2FA2C28253B00B57901 /* Provider.swift */,
				77BBA2FC2C28268B00B57901 /* ContactsWidgetUIView.swift */,
				77050C742C284ED300FAA9A2 /* CustomWidghetContactsUIView.swift */,
			);
			path = ContactsWidget;
			sourceTree = "<group>";
		};
		77C707332C1A36C3000E4C56 /* TabBar */ = {
			isa = PBXGroup;
			children = (
				77C7073C2C1A3B32000E4C56 /* TestsData */,
				77C707392C1A3AB0000E4C56 /* Model */,
				77C707342C1A36D6000E4C56 /* Screens */,
				77C707312C1A36BE000E4C56 /* TabBarView.swift */,
				77AEF7132C1C323900DE604E /* CustomTabView.swift */,
			);
			path = TabBar;
			sourceTree = "<group>";
		};
		77C707342C1A36D6000E4C56 /* Screens */ = {
			isa = PBXGroup;
			children = (
				77AEF7152C1C81CD00DE604E /* ContactsView */,
				77C707352C1A3854000E4C56 /* ChatsView.swift */,
				77C707372C1A385E000E4C56 /* SettingsView.swift */,
			);
			path = Screens;
			sourceTree = "<group>";
		};
		77C707392C1A3AB0000E4C56 /* Model */ = {
			isa = PBXGroup;
			children = (
				77C7073A2C1A3AC0000E4C56 /* ContactsModel.swift */,
			);
			path = Model;
			sourceTree = "<group>";
		};
		77C7073C2C1A3B32000E4C56 /* TestsData */ = {
			isa = PBXGroup;
			children = (
				77C7073D2C1A3B50000E4C56 /* ContactsData.swift */,
			);
			path = TestsData;
			sourceTree = "<group>";
		};
		77C9D62A2C1048A200F5CB81 = {
			isa = PBXGroup;
			children = (
				77C9D6352C1048A200F5CB81 /* WBSuiApp */,
				77BBA2E92C2823BD00B57901 /* ContactsWidget */,
				77BBA2E42C2823BD00B57901 /* Frameworks */,
				77C9D6342C1048A200F5CB81 /* Products */,
			);
			sourceTree = "<group>";
		};
		77C9D6342C1048A200F5CB81 /* Products */ = {
			isa = PBXGroup;
			children = (
				77C9D6332C1048A200F5CB81 /* WBSuiApp.app */,
				77BBA2E32C2823BD00B57901 /* ContactsWidgetExtension.appex */,
			);
			name = Products;
			sourceTree = "<group>";
		};
		77C9D6352C1048A200F5CB81 /* WBSuiApp */ = {
			isa = PBXGroup;
			children = (
				777B33DA2C50EA54005E52D9 /* HashTable */,
				77C9D6452C1048BF00F5CB81 /* Resources */,
				778F359E2C3F21920050367D /* ScrollView */,
				7761143B2C3736BB0026D5CA /* Interpolation */,
				77905B8D2C32B6E400865D16 /* Factory */,
				77FD2AA82C2DFB550051360E /* Bank */,
				77C9D6442C1048B000F5CB81 /* App */,
			);
			path = WBSuiApp;
			sourceTree = "<group>";
		};
		77C9D63C2C1048A300F5CB81 /* Preview Content */ = {
			isa = PBXGroup;
			children = (
				77C9D63D2C1048A300F5CB81 /* Preview Assets.xcassets */,
			);
			path = "Preview Content";
			sourceTree = "<group>";
		};
		77C9D6442C1048B000F5CB81 /* App */ = {
			isa = PBXGroup;
			children = (
				77324E862C11AA6300452467 /* OnBoardingScreen */,
				77C707332C1A36C3000E4C56 /* TabBar */,
				77F96BAB2C4658890044B255 /* Telephone */,
				777E142C2C4C2151005989CD /* Authorization */,
				77C9D6362C1048A200F5CB81 /* WBSuiAppApp.swift */,
				772AAE7B2C24875D00B9943D /* SearchBar.swift */,
			);
			path = App;
			sourceTree = "<group>";
		};
		77C9D6452C1048BF00F5CB81 /* Resources */ = {
			isa = PBXGroup;
			children = (
				77C9D63A2C1048A300F5CB81 /* Assets.xcassets */,
				77C9D63C2C1048A300F5CB81 /* Preview Content */,
			);
			path = Resources;
			sourceTree = "<group>";
		};
		77F96BAB2C4658890044B255 /* Telephone */ = {
			isa = PBXGroup;
			children = (
				77324E882C11CCFC00452467 /* TelephoneView.swift */,
				77F96BAC2C4658BA0044B255 /* TelephoneTestingData.swift */,
				777E14282C4A6E9A005989CD /* CountryPicker.swift */,
			);
			path = Telephone;
			sourceTree = "<group>";
		};
		77FD2AA82C2DFB550051360E /* Bank */ = {
			isa = PBXGroup;
			children = (
				777D9DA62C30226000996837 /* Bank.playground */,
			);
			path = Bank;
			sourceTree = "<group>";
		};
/* End PBXGroup section */

/* Begin PBXNativeTarget section */
		77BBA2E22C2823BD00B57901 /* ContactsWidgetExtension */ = {
			isa = PBXNativeTarget;
			buildConfigurationList = 77BBA2F72C2823BF00B57901 /* Build configuration list for PBXNativeTarget "ContactsWidgetExtension" */;
			buildPhases = (
				77BBA2DF2C2823BD00B57901 /* Sources */,
				77BBA2E02C2823BD00B57901 /* Frameworks */,
				77BBA2E12C2823BD00B57901 /* Resources */,
			);
			buildRules = (
			);
			dependencies = (
			);
			name = ContactsWidgetExtension;
			productName = ContactsWidgetExtension;
			productReference = 77BBA2E32C2823BD00B57901 /* ContactsWidgetExtension.appex */;
			productType = "com.apple.product-type.app-extension";
		};
		77C9D6322C1048A200F5CB81 /* WBSuiApp */ = {
			isa = PBXNativeTarget;
			buildConfigurationList = 77C9D6412C1048A300F5CB81 /* Build configuration list for PBXNativeTarget "WBSuiApp" */;
			buildPhases = (
				77C9D62F2C1048A200F5CB81 /* Sources */,
				77C9D6302C1048A200F5CB81 /* Frameworks */,
				77C9D6312C1048A200F5CB81 /* Resources */,
				77BBA2F42C2823BF00B57901 /* Embed Foundation Extensions */,
			);
			buildRules = (
			);
			dependencies = (
				77BBA2F22C2823BF00B57901 /* PBXTargetDependency */,
			);
			name = WBSuiApp;
			productName = WBSuiApp;
			productReference = 77C9D6332C1048A200F5CB81 /* WBSuiApp.app */;
			productType = "com.apple.product-type.application";
		};
/* End PBXNativeTarget section */

/* Begin PBXProject section */
		77C9D62B2C1048A200F5CB81 /* Project object */ = {
			isa = PBXProject;
			attributes = {
				BuildIndependentTargetsInParallel = 1;
				LastSwiftUpdateCheck = 1510;
				LastUpgradeCheck = 1510;
				TargetAttributes = {
					77BBA2E22C2823BD00B57901 = {
						CreatedOnToolsVersion = 15.1;
					};
					77C9D6322C1048A200F5CB81 = {
						CreatedOnToolsVersion = 15.1;
					};
				};
			};
			buildConfigurationList = 77C9D62E2C1048A200F5CB81 /* Build configuration list for PBXProject "WBSuiApp" */;
			compatibilityVersion = "Xcode 14.0";
			developmentRegion = en;
			hasScannedForEncodings = 0;
			knownRegions = (
				en,
				Base,
				fr,
				"zh-HK",
				it,
				de,
			);
			mainGroup = 77C9D62A2C1048A200F5CB81;
			productRefGroup = 77C9D6342C1048A200F5CB81 /* Products */;
			projectDirPath = "";
			projectRoot = "";
			targets = (
				77C9D6322C1048A200F5CB81 /* WBSuiApp */,
				77BBA2E22C2823BD00B57901 /* ContactsWidgetExtension */,
			);
		};
/* End PBXProject section */

/* Begin PBXResourcesBuildPhase section */
		77BBA2E12C2823BD00B57901 /* Resources */ = {
			isa = PBXResourcesBuildPhase;
			buildActionMask = 2147483647;
			files = (
				77BBA3012C28337C00B57901 /* Assets.xcassets in Resources */,
				77BBA2EF2C2823BF00B57901 /* Assets.xcassets in Resources */,
			);
			runOnlyForDeploymentPostprocessing = 0;
		};
		77C9D6312C1048A200F5CB81 /* Resources */ = {
			isa = PBXResourcesBuildPhase;
			buildActionMask = 2147483647;
			files = (
				77C9D63E2C1048A300F5CB81 /* Preview Assets.xcassets in Resources */,
				77C9D63B2C1048A300F5CB81 /* Assets.xcassets in Resources */,
			);
			runOnlyForDeploymentPostprocessing = 0;
		};
/* End PBXResourcesBuildPhase section */

/* Begin PBXSourcesBuildPhase section */
		77BBA2DF2C2823BD00B57901 /* Sources */ = {
			isa = PBXSourcesBuildPhase;
			buildActionMask = 2147483647;
			files = (
				77BBA2FE2C282C2E00B57901 /* ContactsScreenView.swift in Sources */,
				77050C752C284ED300FAA9A2 /* CustomWidghetContactsUIView.swift in Sources */,
				77BBA2ED2C2823BD00B57901 /* ContactsWidget.swift in Sources */,
				77BBA2FD2C28268B00B57901 /* ContactsWidgetUIView.swift in Sources */,
				77BBA2FB2C28253B00B57901 /* Provider.swift in Sources */,
				77BBA2FF2C282C3200B57901 /* ContactsModel.swift in Sources */,
				77BBA2EB2C2823BD00B57901 /* ContactsWidgetBundle.swift in Sources */,
				77BBA3002C282C3700B57901 /* ContactsData.swift in Sources */,
			);
			runOnlyForDeploymentPostprocessing = 0;
		};
		77C9D62F2C1048A200F5CB81 /* Sources */ = {
			isa = PBXSourcesBuildPhase;
			buildActionMask = 2147483647;
			files = (
				77324E7F2C11A97100452467 /* LogoView.swift in Sources */,
				775E5C722C39AA82004D1F8E /* Constants.swift in Sources */,
				77C707322C1A36BE000E4C56 /* TabBarView.swift in Sources */,
				77C707362C1A3854000E4C56 /* ChatsView.swift in Sources */,
				77324E812C11A98100452467 /* TitleView.swift in Sources */,
				77AEF7142C1C323900DE604E /* CustomTabView.swift in Sources */,
				776114412C373A520026D5CA /* DataPickerViewModel.swift in Sources */,
				777E14302C4C2421005989CD /* NotificationsCenter.swift in Sources */,
				777E14292C4A6E9A005989CD /* CountryPicker.swift in Sources */,
				777E142B2C4C214D005989CD /* AuthorizationView.swift in Sources */,
				77324E892C11CCFC00452467 /* TelephoneView.swift in Sources */,
				77C9D6392C1048A200F5CB81 /* OnboardingView.swift in Sources */,
				77C7073E2C1A3B50000E4C56 /* ContactsData.swift in Sources */,
				77C9D6372C1048A200F5CB81 /* WBSuiAppApp.swift in Sources */,
				77324E852C11A9A000452467 /* ActionButtonView.swift in Sources */,
				77324E832C11A99200452467 /* TermsOfServiceView.swift in Sources */,
				778F35A02C3F21A60050367D /* ScrollUIView.swift in Sources */,
				7761143F2C3737060026D5CA /* StringInterpolation.swift in Sources */,
				77C707302C1A36B0000E4C56 /* ContactsView.swift in Sources */,
				77AEF7172C1C81F900DE604E /* ContactsViewDetail.swift in Sources */,
				772AAE7A2C24597100B9943D /* ContactsScreenView.swift in Sources */,
				77C707382C1A385E000E4C56 /* SettingsView.swift in Sources */,
				77050C762C284FAE00FAA9A2 /* CustomWidghetContactsUIView.swift in Sources */,
				7761143D2C3736E10026D5CA /* InterpolationUIView.swift in Sources */,
				775059A32C4ECB850078424D /* AuthorizationViewModel.swift in Sources */,
				772AAE7C2C24875D00B9943D /* SearchBar.swift in Sources */,
				77C7073B2C1A3AC0000E4C56 /* ContactsModel.swift in Sources */,
				77F96BAD2C4658BA0044B255 /* TelephoneTestingData.swift in Sources */,
				775059A12C4E57B10078424D /* OneTimeCodeTextField.swift in Sources */,
				775E5C742C39AA9C004D1F8E /* DateFormatterUtils.swift in Sources */,
			);
			runOnlyForDeploymentPostprocessing = 0;
		};
/* End PBXSourcesBuildPhase section */

/* Begin PBXTargetDependency section */
		77BBA2F22C2823BF00B57901 /* PBXTargetDependency */ = {
			isa = PBXTargetDependency;
			target = 77BBA2E22C2823BD00B57901 /* ContactsWidgetExtension */;
			targetProxy = 77BBA2F12C2823BF00B57901 /* PBXContainerItemProxy */;
		};
/* End PBXTargetDependency section */

/* Begin XCBuildConfiguration section */
		77BBA2F52C2823BF00B57901 /* Debug */ = {
			isa = XCBuildConfiguration;
			buildSettings = {
				ASSETCATALOG_COMPILER_GLOBAL_ACCENT_COLOR_NAME = AccentColor;
				ASSETCATALOG_COMPILER_WIDGET_BACKGROUND_COLOR_NAME = WidgetBackground;
				CODE_SIGN_STYLE = Automatic;
				CURRENT_PROJECT_VERSION = 1;
				DEVELOPMENT_TEAM = 2A3746WANH;
				GENERATE_INFOPLIST_FILE = YES;
				INFOPLIST_FILE = ContactsWidget/Info.plist;
				INFOPLIST_KEY_CFBundleDisplayName = ContactsWidget;
				INFOPLIST_KEY_NSHumanReadableCopyright = "";
				LD_RUNPATH_SEARCH_PATHS = (
					"$(inherited)",
					"@executable_path/Frameworks",
					"@executable_path/../../Frameworks",
				);
				MARKETING_VERSION = 1.0;
				PRODUCT_BUNDLE_IDENTIFIER = "-.WBSuiApp.ContactsWidget";
				PRODUCT_NAME = "$(TARGET_NAME)";
				SKIP_INSTALL = YES;
				SWIFT_EMIT_LOC_STRINGS = YES;
				SWIFT_VERSION = 5.0;
				TARGETED_DEVICE_FAMILY = "1,2";
			};
			name = Debug;
		};
		77BBA2F62C2823BF00B57901 /* Release */ = {
			isa = XCBuildConfiguration;
			buildSettings = {
				ASSETCATALOG_COMPILER_GLOBAL_ACCENT_COLOR_NAME = AccentColor;
				ASSETCATALOG_COMPILER_WIDGET_BACKGROUND_COLOR_NAME = WidgetBackground;
				CODE_SIGN_STYLE = Automatic;
				CURRENT_PROJECT_VERSION = 1;
				DEVELOPMENT_TEAM = 2A3746WANH;
				GENERATE_INFOPLIST_FILE = YES;
				INFOPLIST_FILE = ContactsWidget/Info.plist;
				INFOPLIST_KEY_CFBundleDisplayName = ContactsWidget;
				INFOPLIST_KEY_NSHumanReadableCopyright = "";
				LD_RUNPATH_SEARCH_PATHS = (
					"$(inherited)",
					"@executable_path/Frameworks",
					"@executable_path/../../Frameworks",
				);
				MARKETING_VERSION = 1.0;
				PRODUCT_BUNDLE_IDENTIFIER = "-.WBSuiApp.ContactsWidget";
				PRODUCT_NAME = "$(TARGET_NAME)";
				SKIP_INSTALL = YES;
				SWIFT_EMIT_LOC_STRINGS = YES;
				SWIFT_VERSION = 5.0;
				TARGETED_DEVICE_FAMILY = "1,2";
			};
			name = Release;
		};
		77C9D63F2C1048A300F5CB81 /* Debug */ = {
			isa = XCBuildConfiguration;
			buildSettings = {
				ALWAYS_SEARCH_USER_PATHS = NO;
				ASSETCATALOG_COMPILER_GENERATE_SWIFT_ASSET_SYMBOL_EXTENSIONS = YES;
				CLANG_ANALYZER_NONNULL = YES;
				CLANG_ANALYZER_NUMBER_OBJECT_CONVERSION = YES_AGGRESSIVE;
				CLANG_CXX_LANGUAGE_STANDARD = "gnu++20";
				CLANG_ENABLE_MODULES = YES;
				CLANG_ENABLE_OBJC_ARC = YES;
				CLANG_ENABLE_OBJC_WEAK = YES;
				CLANG_WARN_BLOCK_CAPTURE_AUTORELEASING = YES;
				CLANG_WARN_BOOL_CONVERSION = YES;
				CLANG_WARN_COMMA = YES;
				CLANG_WARN_CONSTANT_CONVERSION = YES;
				CLANG_WARN_DEPRECATED_OBJC_IMPLEMENTATIONS = YES;
				CLANG_WARN_DIRECT_OBJC_ISA_USAGE = YES_ERROR;
				CLANG_WARN_DOCUMENTATION_COMMENTS = YES;
				CLANG_WARN_EMPTY_BODY = YES;
				CLANG_WARN_ENUM_CONVERSION = YES;
				CLANG_WARN_INFINITE_RECURSION = YES;
				CLANG_WARN_INT_CONVERSION = YES;
				CLANG_WARN_NON_LITERAL_NULL_CONVERSION = YES;
				CLANG_WARN_OBJC_IMPLICIT_RETAIN_SELF = YES;
				CLANG_WARN_OBJC_LITERAL_CONVERSION = YES;
				CLANG_WARN_OBJC_ROOT_CLASS = YES_ERROR;
				CLANG_WARN_QUOTED_INCLUDE_IN_FRAMEWORK_HEADER = YES;
				CLANG_WARN_RANGE_LOOP_ANALYSIS = YES;
				CLANG_WARN_STRICT_PROTOTYPES = YES;
				CLANG_WARN_SUSPICIOUS_MOVE = YES;
				CLANG_WARN_UNGUARDED_AVAILABILITY = YES_AGGRESSIVE;
				CLANG_WARN_UNREACHABLE_CODE = YES;
				CLANG_WARN__DUPLICATE_METHOD_MATCH = YES;
				COPY_PHASE_STRIP = NO;
				DEBUG_INFORMATION_FORMAT = dwarf;
				ENABLE_STRICT_OBJC_MSGSEND = YES;
				ENABLE_TESTABILITY = YES;
				ENABLE_USER_SCRIPT_SANDBOXING = YES;
				GCC_C_LANGUAGE_STANDARD = gnu17;
				GCC_DYNAMIC_NO_PIC = NO;
				GCC_NO_COMMON_BLOCKS = YES;
				GCC_OPTIMIZATION_LEVEL = 0;
				GCC_PREPROCESSOR_DEFINITIONS = (
					"DEBUG=1",
					"$(inherited)",
				);
				GCC_WARN_64_TO_32_BIT_CONVERSION = YES;
				GCC_WARN_ABOUT_RETURN_TYPE = YES_ERROR;
				GCC_WARN_UNDECLARED_SELECTOR = YES;
				GCC_WARN_UNINITIALIZED_AUTOS = YES_AGGRESSIVE;
				GCC_WARN_UNUSED_FUNCTION = YES;
				GCC_WARN_UNUSED_VARIABLE = YES;
				IPHONEOS_DEPLOYMENT_TARGET = 17.2;
				LOCALIZATION_PREFERS_STRING_CATALOGS = YES;
				MTL_ENABLE_DEBUG_INFO = INCLUDE_SOURCE;
				MTL_FAST_MATH = YES;
				ONLY_ACTIVE_ARCH = YES;
				SDKROOT = iphoneos;
				SWIFT_ACTIVE_COMPILATION_CONDITIONS = "DEBUG $(inherited)";
				SWIFT_OPTIMIZATION_LEVEL = "-Onone";
			};
			name = Debug;
		};
		77C9D6402C1048A300F5CB81 /* Release */ = {
			isa = XCBuildConfiguration;
			buildSettings = {
				ALWAYS_SEARCH_USER_PATHS = NO;
				ASSETCATALOG_COMPILER_GENERATE_SWIFT_ASSET_SYMBOL_EXTENSIONS = YES;
				CLANG_ANALYZER_NONNULL = YES;
				CLANG_ANALYZER_NUMBER_OBJECT_CONVERSION = YES_AGGRESSIVE;
				CLANG_CXX_LANGUAGE_STANDARD = "gnu++20";
				CLANG_ENABLE_MODULES = YES;
				CLANG_ENABLE_OBJC_ARC = YES;
				CLANG_ENABLE_OBJC_WEAK = YES;
				CLANG_WARN_BLOCK_CAPTURE_AUTORELEASING = YES;
				CLANG_WARN_BOOL_CONVERSION = YES;
				CLANG_WARN_COMMA = YES;
				CLANG_WARN_CONSTANT_CONVERSION = YES;
				CLANG_WARN_DEPRECATED_OBJC_IMPLEMENTATIONS = YES;
				CLANG_WARN_DIRECT_OBJC_ISA_USAGE = YES_ERROR;
				CLANG_WARN_DOCUMENTATION_COMMENTS = YES;
				CLANG_WARN_EMPTY_BODY = YES;
				CLANG_WARN_ENUM_CONVERSION = YES;
				CLANG_WARN_INFINITE_RECURSION = YES;
				CLANG_WARN_INT_CONVERSION = YES;
				CLANG_WARN_NON_LITERAL_NULL_CONVERSION = YES;
				CLANG_WARN_OBJC_IMPLICIT_RETAIN_SELF = YES;
				CLANG_WARN_OBJC_LITERAL_CONVERSION = YES;
				CLANG_WARN_OBJC_ROOT_CLASS = YES_ERROR;
				CLANG_WARN_QUOTED_INCLUDE_IN_FRAMEWORK_HEADER = YES;
				CLANG_WARN_RANGE_LOOP_ANALYSIS = YES;
				CLANG_WARN_STRICT_PROTOTYPES = YES;
				CLANG_WARN_SUSPICIOUS_MOVE = YES;
				CLANG_WARN_UNGUARDED_AVAILABILITY = YES_AGGRESSIVE;
				CLANG_WARN_UNREACHABLE_CODE = YES;
				CLANG_WARN__DUPLICATE_METHOD_MATCH = YES;
				COPY_PHASE_STRIP = NO;
				DEBUG_INFORMATION_FORMAT = "dwarf-with-dsym";
				ENABLE_NS_ASSERTIONS = NO;
				ENABLE_STRICT_OBJC_MSGSEND = YES;
				ENABLE_USER_SCRIPT_SANDBOXING = YES;
				GCC_C_LANGUAGE_STANDARD = gnu17;
				GCC_NO_COMMON_BLOCKS = YES;
				GCC_WARN_64_TO_32_BIT_CONVERSION = YES;
				GCC_WARN_ABOUT_RETURN_TYPE = YES_ERROR;
				GCC_WARN_UNDECLARED_SELECTOR = YES;
				GCC_WARN_UNINITIALIZED_AUTOS = YES_AGGRESSIVE;
				GCC_WARN_UNUSED_FUNCTION = YES;
				GCC_WARN_UNUSED_VARIABLE = YES;
				IPHONEOS_DEPLOYMENT_TARGET = 17.2;
				LOCALIZATION_PREFERS_STRING_CATALOGS = YES;
				MTL_ENABLE_DEBUG_INFO = NO;
				MTL_FAST_MATH = YES;
				SDKROOT = iphoneos;
				SWIFT_COMPILATION_MODE = wholemodule;
				VALIDATE_PRODUCT = YES;
			};
			name = Release;
		};
		77C9D6422C1048A300F5CB81 /* Debug */ = {
			isa = XCBuildConfiguration;
			buildSettings = {
				ALWAYS_EMBED_SWIFT_STANDARD_LIBRARIES = YES;
				ASSETCATALOG_COMPILER_APPICON_NAME = AppIcon;
				ASSETCATALOG_COMPILER_GLOBAL_ACCENT_COLOR_NAME = AccentColor;
				CODE_SIGN_STYLE = Automatic;
				CURRENT_PROJECT_VERSION = 1;
				DEVELOPMENT_ASSET_PATHS = "\"WBSuiApp/Resources/Preview Content\"";
				DEVELOPMENT_TEAM = 2A3746WANH;
				ENABLE_PREVIEWS = YES;
				GENERATE_INFOPLIST_FILE = YES;
				INFOPLIST_KEY_UIApplicationSceneManifest_Generation = YES;
				INFOPLIST_KEY_UIApplicationSupportsIndirectInputEvents = YES;
				INFOPLIST_KEY_UILaunchScreen_Generation = YES;
				INFOPLIST_KEY_UISupportedInterfaceOrientations_iPad = "UIInterfaceOrientationPortrait UIInterfaceOrientationPortraitUpsideDown UIInterfaceOrientationLandscapeLeft UIInterfaceOrientationLandscapeRight";
				INFOPLIST_KEY_UISupportedInterfaceOrientations_iPhone = "UIInterfaceOrientationPortrait UIInterfaceOrientationLandscapeLeft UIInterfaceOrientationLandscapeRight";
				LD_RUNPATH_SEARCH_PATHS = (
					"$(inherited)",
					"@executable_path/Frameworks",
				);
				MARKETING_VERSION = 1.0;
				PRODUCT_BUNDLE_IDENTIFIER = "-.WBSuiApp";
				PRODUCT_NAME = "$(TARGET_NAME)";
				SWIFT_EMIT_LOC_STRINGS = YES;
				SWIFT_VERSION = 5.0;
				TARGETED_DEVICE_FAMILY = "1,2";
			};
			name = Debug;
		};
		77C9D6432C1048A300F5CB81 /* Release */ = {
			isa = XCBuildConfiguration;
			buildSettings = {
				ALWAYS_EMBED_SWIFT_STANDARD_LIBRARIES = YES;
				ASSETCATALOG_COMPILER_APPICON_NAME = AppIcon;
				ASSETCATALOG_COMPILER_GLOBAL_ACCENT_COLOR_NAME = AccentColor;
				CODE_SIGN_STYLE = Automatic;
				CURRENT_PROJECT_VERSION = 1;
				DEVELOPMENT_ASSET_PATHS = "\"WBSuiApp/Resources/Preview Content\"";
				DEVELOPMENT_TEAM = 2A3746WANH;
				ENABLE_PREVIEWS = YES;
				GENERATE_INFOPLIST_FILE = YES;
				INFOPLIST_KEY_UIApplicationSceneManifest_Generation = YES;
				INFOPLIST_KEY_UIApplicationSupportsIndirectInputEvents = YES;
				INFOPLIST_KEY_UILaunchScreen_Generation = YES;
				INFOPLIST_KEY_UISupportedInterfaceOrientations_iPad = "UIInterfaceOrientationPortrait UIInterfaceOrientationPortraitUpsideDown UIInterfaceOrientationLandscapeLeft UIInterfaceOrientationLandscapeRight";
				INFOPLIST_KEY_UISupportedInterfaceOrientations_iPhone = "UIInterfaceOrientationPortrait UIInterfaceOrientationLandscapeLeft UIInterfaceOrientationLandscapeRight";
				LD_RUNPATH_SEARCH_PATHS = (
					"$(inherited)",
					"@executable_path/Frameworks",
				);
				MARKETING_VERSION = 1.0;
				PRODUCT_BUNDLE_IDENTIFIER = "-.WBSuiApp";
				PRODUCT_NAME = "$(TARGET_NAME)";
				SWIFT_EMIT_LOC_STRINGS = YES;
				SWIFT_VERSION = 5.0;
				TARGETED_DEVICE_FAMILY = "1,2";
			};
			name = Release;
		};
/* End XCBuildConfiguration section */

/* Begin XCConfigurationList section */
		77BBA2F72C2823BF00B57901 /* Build configuration list for PBXNativeTarget "ContactsWidgetExtension" */ = {
			isa = XCConfigurationList;
			buildConfigurations = (
				77BBA2F52C2823BF00B57901 /* Debug */,
				77BBA2F62C2823BF00B57901 /* Release */,
			);
			defaultConfigurationIsVisible = 0;
			defaultConfigurationName = Release;
		};
		77C9D62E2C1048A200F5CB81 /* Build configuration list for PBXProject "WBSuiApp" */ = {
			isa = XCConfigurationList;
			buildConfigurations = (
				77C9D63F2C1048A300F5CB81 /* Debug */,
				77C9D6402C1048A300F5CB81 /* Release */,
			);
			defaultConfigurationIsVisible = 0;
			defaultConfigurationName = Release;
		};
		77C9D6412C1048A300F5CB81 /* Build configuration list for PBXNativeTarget "WBSuiApp" */ = {
			isa = XCConfigurationList;
			buildConfigurations = (
				77C9D6422C1048A300F5CB81 /* Debug */,
				77C9D6432C1048A300F5CB81 /* Release */,
			);
			defaultConfigurationIsVisible = 0;
			defaultConfigurationName = Release;
		};
/* End XCConfigurationList section */
	};
	rootObject = 77C9D62B2C1048A200F5CB81 /* Project object */;
}
